// !$*UTF8*$!
{
	archiveVersion = 1;
	classes = {
	};
	objectVersion = 46;
	objects = {

/* Begin PBXBuildFile section */
		A356FC7D1595ED34005FF4D4 /* BNRContainer.m in Sources */ = {isa = PBXBuildFile; fileRef = A356FC7C1595ED34005FF4D4 /* BNRContainer.m */; };
		A3A25980158E48C6001C3171 /* Foundation.framework in Frameworks */ = {isa = PBXBuildFile; fileRef = A3A2597F158E48C6001C3171 /* Foundation.framework */; };
		A3A25983158E48C6001C3171 /* main.m in Sources */ = {isa = PBXBuildFile; fileRef = A3A25982158E48C6001C3171 /* main.m */; };
		A3A25987158E48C6001C3171 /* RandomPossesions.1 in CopyFiles */ = {isa = PBXBuildFile; fileRef = A3A25986158E48C6001C3171 /* RandomPossesions.1 */; };
		A3A2598F158E51EA001C3171 /* BNRItem.m in Sources */ = {isa = PBXBuildFile; fileRef = A3A2598E158E51EA001C3171 /* BNRItem.m */; };
/* End PBXBuildFile section */

/* Begin PBXCopyFilesBuildPhase section */
		A3A25979158E48C5001C3171 /* CopyFiles */ = {
			isa = PBXCopyFilesBuildPhase;
			buildActionMask = 2147483647;
			dstPath = /usr/share/man/man1/;
			dstSubfolderSpec = 0;
			files = (
				A3A25987158E48C6001C3171 /* RandomPossesions.1 in CopyFiles */,
			);
			runOnlyForDeploymentPostprocessing = 1;
		};
/* End PBXCopyFilesBuildPhase section */

/* Begin PBXFileReference section */
		A356FC7B1595ED34005FF4D4 /* BNRContainer.h */ = {isa = PBXFileReference; fileEncoding = 4; lastKnownFileType = sourcecode.c.h; path = BNRContainer.h; sourceTree = "<group>"; };
		A356FC7C1595ED34005FF4D4 /* BNRContainer.m */ = {isa = PBXFileReference; fileEncoding = 4; lastKnownFileType = sourcecode.c.objc; path = BNRContainer.m; sourceTree = "<group>"; };
		A3A2597B158E48C5001C3171 /* RandomPossesions */ = {isa = PBXFileReference; explicitFileType = "compiled.mach-o.executable"; includeInIndex = 0; path = RandomPossesions; sourceTree = BUILT_PRODUCTS_DIR; };
		A3A2597F158E48C6001C3171 /* Foundation.framework */ = {isa = PBXFileReference; lastKnownFileType = wrapper.framework; name = Foundation.framework; path = System/Library/Frameworks/Foundation.framework; sourceTree = SDKROOT; };
		A3A25982158E48C6001C3171 /* main.m */ = {isa = PBXFileReference; lastKnownFileType = sourcecode.c.objc; path = main.m; sourceTree = "<group>"; };
		A3A25985158E48C6001C3171 /* RandomPossesions-Prefix.pch */ = {isa = PBXFileReference; lastKnownFileType = sourcecode.c.h; path = "RandomPossesions-Prefix.pch"; sourceTree = "<group>"; };
		A3A25986158E48C6001C3171 /* RandomPossesions.1 */ = {isa = PBXFileReference; lastKnownFileType = text.man; path = RandomPossesions.1; sourceTree = "<group>"; };
		A3A2598D158E51EA001C3171 /* BNRItem.h */ = {isa = PBXFileReference; fileEncoding = 4; lastKnownFileType = sourcecode.c.h; path = BNRItem.h; sourceTree = "<group>"; };
		A3A2598E158E51EA001C3171 /* BNRItem.m */ = {isa = PBXFileReference; fileEncoding = 4; lastKnownFileType = sourcecode.c.objc; path = BNRItem.m; sourceTree = "<group>"; };
/* End PBXFileReference section */

/* Begin PBXFrameworksBuildPhase section */
		A3A25978158E48C5001C3171 /* Frameworks */ = {
			isa = PBXFrameworksBuildPhase;
			buildActionMask = 2147483647;
			files = (
				A3A25980158E48C6001C3171 /* Foundation.framework in Frameworks */,
			);
			runOnlyForDeploymentPostprocessing = 0;
		};
/* End PBXFrameworksBuildPhase section */

/* Begin PBXGroup section */
		A3A25970158E48C5001C3171 = {
			isa = PBXGroup;
			children = (
				A3A25981158E48C6001C3171 /* RandomPossesions */,
				A3A2597E158E48C5001C3171 /* Frameworks */,
				A3A2597C158E48C5001C3171 /* Products */,
			);
			sourceTree = "<group>";
		};
		A3A2597C158E48C5001C3171 /* Products */ = {
			isa = PBXGroup;
			children = (
				A3A2597B158E48C5001C3171 /* RandomPossesions */,
			);
			name = Products;
			sourceTree = "<group>";
		};
		A3A2597E158E48C5001C3171 /* Frameworks */ = {
			isa = PBXGroup;
			children = (
				A3A2597F158E48C6001C3171 /* Foundation.framework */,
			);
			name = Frameworks;
			sourceTree = "<group>";
		};
		A3A25981158E48C6001C3171 /* RandomPossesions */ = {
			isa = PBXGroup;
			children = (
				A3A25982158E48C6001C3171 /* main.m */,
				A3A2598D158E51EA001C3171 /* BNRItem.h */,
				A3A2598E158E51EA001C3171 /* BNRItem.m */,
				A356FC7B1595ED34005FF4D4 /* BNRContainer.h */,
				A356FC7C1595ED34005FF4D4 /* BNRContainer.m */,
				A3A25986158E48C6001C3171 /* RandomPossesions.1 */,
				A3A25984158E48C6001C3171 /* Supporting Files */,
			);
			path = RandomPossesions;
			sourceTree = "<group>";
		};
		A3A25984158E48C6001C3171 /* Supporting Files */ = {
			isa = PBXGroup;
			children = (
				A3A25985158E48C6001C3171 /* RandomPossesions-Prefix.pch */,
			);
			name = "Supporting Files";
			sourceTree = "<group>";
		};
/* End PBXGroup section */

/* Begin PBXNativeTarget section */
		A3A2597A158E48C5001C3171 /* RandomPossesions */ = {
			isa = PBXNativeTarget;
			buildConfigurationList = A3A2598A158E48C6001C3171 /* Build configuration list for PBXNativeTarget "RandomPossesions" */;
			buildPhases = (
				A3A25977158E48C5001C3171 /* Sources */,
				A3A25978158E48C5001C3171 /* Frameworks */,
				A3A25979158E48C5001C3171 /* CopyFiles */,
			);
			buildRules = (
			);
			dependencies = (
			);
			name = RandomPossesions;
			productName = RandomPossesions;
			productReference = A3A2597B158E48C5001C3171 /* RandomPossesions */;
			productType = "com.apple.product-type.tool";
		};
/* End PBXNativeTarget section */

/* Begin PBXProject section */
		A3A25972158E48C5001C3171 /* Project object */ = {
			isa = PBXProject;
			attributes = {
				LastUpgradeCheck = 0430;
			};
			buildConfigurationList = A3A25975158E48C5001C3171 /* Build configuration list for PBXProject "RandomPossesions" */;
			compatibilityVersion = "Xcode 3.2";
			developmentRegion = English;
			hasScannedForEncodings = 0;
			knownRegions = (
				en,
			);
			mainGroup = A3A25970158E48C5001C3171;
			productRefGroup = A3A2597C158E48C5001C3171 /* Products */;
			projectDirPath = "";
			projectRoot = "";
			targets = (
				A3A2597A158E48C5001C3171 /* RandomPossesions */,
			);
		};
/* End PBXProject section */

/* Begin PBXSourcesBuildPhase section */
		A3A25977158E48C5001C3171 /* Sources */ = {
			isa = PBXSourcesBuildPhase;
			buildActionMask = 2147483647;
			files = (
				A3A25983158E48C6001C3171 /* main.m in Sources */,
				A3A2598F158E51EA001C3171 /* BNRItem.m in Sources */,
				A356FC7D1595ED34005FF4D4 /* BNRContainer.m in Sources */,
			);
			runOnlyForDeploymentPostprocessing = 0;
		};
/* End PBXSourcesBuildPhase section */

/* Begin XCBuildConfiguration section */
		A3A25988158E48C6001C3171 /* Debug */ = {
			isa = XCBuildConfiguration;
			buildSettings = {
				ALWAYS_SEARCH_USER_PATHS = NO;
				ARCHS = "$(ARCHS_STANDARD_64_BIT)";
				CLANG_ENABLE_OBJC_ARC = YES;
				COPY_PHASE_STRIP = NO;
				GCC_C_LANGUAGE_STANDARD = gnu99;
				GCC_DYNAMIC_NO_PIC = NO;
				GCC_ENABLE_OBJC_EXCEPTIONS = YES;
				GCC_OPTIMIZATION_LEVEL = 0;
				GCC_PREPROCESSOR_DEFINITIONS = (
					"DEBUG=1",
					"$(inherited)",
				);
				GCC_SYMBOLS_PRIVATE_EXTERN = NO;
				GCC_VERSION = com.apple.compilers.llvm.clang.1_0;
				GCC_WARN_64_TO_32_BIT_CONVERSION = YES;
				GCC_WARN_ABOUT_RETURN_TYPE = YES;
				GCC_WARN_UNINITIALIZED_AUTOS = YES;
				GCC_WARN_UNUSED_VARIABLE = YES;
				MACOSX_DEPLOYMENT_TARGET = 10.7;
				ONLY_ACTIVE_ARCH = YES;
				SDKROOT = macosx;
			};
			name = Debug;
		};
		A3A25989158E48C6001C3171 /* Release */ = {
			isa = XCBuildConfiguration;
			buildSettings = {
				ALWAYS_SEARCH_USER_PATHS = NO;
				ARCHS = "$(ARCHS_STANDARD_64_BIT)";
				CLANG_ENABLE_OBJC_ARC = YES;
				COPY_PHASE_STRIP = YES;
				DEBUG_INFORMATION_FORMAT = "dwarf-with-dsym";
				GCC_C_LANGUAGE_STANDARD = gnu99;
				GCC_ENABLE_OBJC_EXCEPTIONS = YES;
				GCC_VERSION = com.apple.compilers.llvm.clang.1_0;
				GCC_WARN_64_TO_32_BIT_CONVERSION = YES;
				GCC_WARN_ABOUT_RETURN_TYPE = YES;
				GCC_WARN_UNINITIALIZED_AUTOS = YES;
				GCC_WARN_UNUSED_VARIABLE = YES;
				MACOSX_DEPLOYMENT_TARGET = 10.7;
				SDKROOT = macosx;
			};
			name = Release;
		};
		A3A2598B158E48C6001C3171 /* Debug */ = {
			isa = XCBuildConfiguration;
			buildSettings = {
				GCC_PRECOMPILE_PREFIX_HEADER = YES;
				GCC_PREFIX_HEADER = "RandomPossesions/RandomPossesions-Prefix.pch";
				PRODUCT_NAME = "$(TARGET_NAME)";
			};
			name = Debug;
		};
		A3A2598C158E48C6001C3171 /* Release */ = {
			isa = XCBuildConfiguration;
			buildSettings = {
				GCC_PRECOMPILE_PREFIX_HEADER = YES;
				GCC_PREFIX_HEADER = "RandomPossesions/RandomPossesions-Prefix.pch";
				PRODUCT_NAME = "$(TARGET_NAME)";
			};
			name = Release;
		};
/* End XCBuildConfiguration section */

/* Begin XCConfigurationList section */
		A3A25975158E48C5001C3171 /* Build configuration list for PBXProject "RandomPossesions" */ = {
			isa = XCConfigurationList;
			buildConfigurations = (
				A3A25988158E48C6001C3171 /* Debug */,
				A3A25989158E48C6001C3171 /* Release */,
			);
			defaultConfigurationIsVisible = 0;
			defaultConfigurationName = Release;
		};
		A3A2598A158E48C6001C3171 /* Build configuration list for PBXNativeTarget "RandomPossesions" */ = {
			isa = XCConfigurationList;
			buildConfigurations = (
				A3A2598B158E48C6001C3171 /* Debug */,
				A3A2598C158E48C6001C3171 /* Release */,
			);
			defaultConfigurationIsVisible = 0;
			defaultConfigurationName = Release;
		};
/* End XCConfigurationList section */
	};
	rootObject = A3A25972158E48C5001C3171 /* Project object */;
}
